// !$*UTF8*$!
{
	archiveVersion = 1;
	classes = {
	};
	objectVersion = 50;
	objects = {

/* Begin PBXBuildFile section */
		E247C66224A447B2008CDBBA /* AppDelegate.swift in Sources */ = {isa = PBXBuildFile; fileRef = E247C66124A447B2008CDBBA /* AppDelegate.swift */; };
		E247C66624A447B2008CDBBA /* viewController.swift in Sources */ = {isa = PBXBuildFile; fileRef = E247C66524A447B2008CDBBA /* viewController.swift */; };
		E247C66924A447B2008CDBBA /* Main.storyboard in Resources */ = {isa = PBXBuildFile; fileRef = E247C66724A447B2008CDBBA /* Main.storyboard */; };
		E247C66B24A44909008CDBBA /* Assets.xcassets in Resources */ = {isa = PBXBuildFile; fileRef = E247C66A24A44909008CDBBA /* Assets.xcassets */; };
		E247C66E24A44909008CDBBA /* LaunchScreen.storyboard in Resources */ = {isa = PBXBuildFile; fileRef = E247C66C24A44909008CDBBA /* LaunchScreen.storyboard */; };
		E247C67824A486D6008CDBBA /* CollectionViewCell.swift in Sources */ = {isa = PBXBuildFile; fileRef = E247C67624A486D5008CDBBA /* CollectionViewCell.swift */; };
		E247C67924A486D6008CDBBA /* CollectionViewCell.xib in Resources */ = {isa = PBXBuildFile; fileRef = E247C67724A486D5008CDBBA /* CollectionViewCell.xib */; };
/* End PBXBuildFile section */

/* Begin PBXFileReference section */
		E247C65E24A447B1008CDBBA /* photoGallery.app */ = {isa = PBXFileReference; explicitFileType = wrapper.application; includeInIndex = 0; path = photoGallery.app; sourceTree = BUILT_PRODUCTS_DIR; };
		E247C66124A447B2008CDBBA /* AppDelegate.swift */ = {isa = PBXFileReference; lastKnownFileType = sourcecode.swift; path = AppDelegate.swift; sourceTree = "<group>"; };
		E247C66524A447B2008CDBBA /* viewController.swift */ = {isa = PBXFileReference; lastKnownFileType = sourcecode.swift; path = viewController.swift; sourceTree = "<group>"; };
		E247C66824A447B2008CDBBA /* Base */ = {isa = PBXFileReference; lastKnownFileType = file.storyboard; name = Base; path = Base.lproj/Main.storyboard; sourceTree = "<group>"; };
		E247C66A24A44909008CDBBA /* Assets.xcassets */ = {isa = PBXFileReference; lastKnownFileType = folder.assetcatalog; path = Assets.xcassets; sourceTree = "<group>"; };
		E247C66D24A44909008CDBBA /* Base */ = {isa = PBXFileReference; lastKnownFileType = file.storyboard; name = Base; path = Base.lproj/LaunchScreen.storyboard; sourceTree = "<group>"; };
		E247C66F24A44909008CDBBA /* Info.plist */ = {isa = PBXFileReference; lastKnownFileType = text.plist.xml; path = Info.plist; sourceTree = "<group>"; };
		E247C67624A486D5008CDBBA /* CollectionViewCell.swift */ = {isa = PBXFileReference; lastKnownFileType = sourcecode.swift; path = CollectionViewCell.swift; sourceTree = "<group>"; };
		E247C67724A486D5008CDBBA /* CollectionViewCell.xib */ = {isa = PBXFileReference; lastKnownFileType = file.xib; path = CollectionViewCell.xib; sourceTree = "<group>"; };
/* End PBXFileReference section */

/* Begin PBXFrameworksBuildPhase section */
		E247C65B24A447B1008CDBBA /* Frameworks */ = {
			isa = PBXFrameworksBuildPhase;
			buildActionMask = 2147483647;
			files = (
			);
			runOnlyForDeploymentPostprocessing = 0;
		};
/* End PBXFrameworksBuildPhase section */

/* Begin PBXGroup section */
		E247C65524A447B1008CDBBA = {
			isa = PBXGroup;
			children = (
				E247C66024A447B2008CDBBA /* photoGallery */,
				E247C65F24A447B2008CDBBA /* Products */,
			);
			sourceTree = "<group>";
		};
		E247C65F24A447B2008CDBBA /* Products */ = {
			isa = PBXGroup;
			children = (
				E247C65E24A447B1008CDBBA /* photoGallery.app */,
			);
			name = Products;
			sourceTree = "<group>";
		};
		E247C66024A447B2008CDBBA /* photoGallery */ = {
			isa = PBXGroup;
			children = (
				E247C67524A4866C008CDBBA /* imageCell */,
				E247C66124A447B2008CDBBA /* AppDelegate.swift */,
				E247C66524A447B2008CDBBA /* viewController.swift */,
				E247C66724A447B2008CDBBA /* Main.storyboard */,
				E247C66A24A44909008CDBBA /* Assets.xcassets */,
				E247C66C24A44909008CDBBA /* LaunchScreen.storyboard */,
				E247C66F24A44909008CDBBA /* Info.plist */,
			);
			path = photoGallery;
			sourceTree = "<group>";
		};
		E247C67524A4866C008CDBBA /* imageCell */ = {
			isa = PBXGroup;
			children = (
				E247C67624A486D5008CDBBA /* CollectionViewCell.swift */,
				E247C67724A486D5008CDBBA /* CollectionViewCell.xib */,
			);
			path = imageCell;
			sourceTree = "<group>";
		};
/* End PBXGroup section */

/* Begin PBXNativeTarget section */
		E247C65D24A447B1008CDBBA /* photoGallery */ = {
			isa = PBXNativeTarget;
			buildConfigurationList = E247C67224A44909008CDBBA /* Build configuration list for PBXNativeTarget "photoGallery" */;
			buildPhases = (
				E247C65A24A447B1008CDBBA /* Sources */,
				E247C65B24A447B1008CDBBA /* Frameworks */,
				E247C65C24A447B1008CDBBA /* Resources */,
			);
			buildRules = (
			);
			dependencies = (
			);
			name = photoGallery;
			productName = photoGallery;
			productReference = E247C65E24A447B1008CDBBA /* photoGallery.app */;
			productType = "com.apple.product-type.application";
		};
/* End PBXNativeTarget section */

/* Begin PBXProject section */
		E247C65624A447B1008CDBBA /* Project object */ = {
			isa = PBXProject;
			attributes = {
				LastSwiftUpdateCheck = 1150;
				LastUpgradeCheck = 1150;
				ORGANIZATIONNAME = "ahmed kamel";
				TargetAttributes = {
					E247C65D24A447B1008CDBBA = {
						CreatedOnToolsVersion = 11.5;
					};
				};
			};
			buildConfigurationList = E247C65924A447B1008CDBBA /* Build configuration list for PBXProject "photoGallery" */;
			compatibilityVersion = "Xcode 9.3";
			developmentRegion = en;
			hasScannedForEncodings = 0;
			knownRegions = (
				en,
				Base,
			);
			mainGroup = E247C65524A447B1008CDBBA;
			productRefGroup = E247C65F24A447B2008CDBBA /* Products */;
			projectDirPath = "";
			projectRoot = "";
			targets = (
				E247C65D24A447B1008CDBBA /* photoGallery */,
			);
		};
/* End PBXProject section */

/* Begin PBXResourcesBuildPhase section */
		E247C65C24A447B1008CDBBA /* Resources */ = {
			isa = PBXResourcesBuildPhase;
			buildActionMask = 2147483647;
			files = (
				E247C66E24A44909008CDBBA /* LaunchScreen.storyboard in Resources */,
				E247C66B24A44909008CDBBA /* Assets.xcassets in Resources */,
				E247C67924A486D6008CDBBA /* CollectionViewCell.xib in Resources */,
				E247C66924A447B2008CDBBA /* Main.storyboard in Resources */,
			);
			runOnlyForDeploymentPostprocessing = 0;
		};
/* End PBXResourcesBuildPhase section */

/* Begin PBXSourcesBuildPhase section */
		E247C65A24A447B1008CDBBA /* Sources */ = {
			isa = PBXSourcesBuildPhase;
			buildActionMask = 2147483647;
			files = (
				E247C66624A447B2008CDBBA /* viewController.swift in Sources */,
				E247C66224A447B2008CDBBA /* AppDelegate.swift in Sources */,
				E247C67824A486D6008CDBBA /* CollectionViewCell.swift in Sources */,
			);
			runOnlyForDeploymentPostprocessing = 0;
		};
/* End PBXSourcesBuildPhase section */

/* Begin PBXVariantGroup section */
		E247C66724A447B2008CDBBA /* Main.storyboard */ = {
			isa = PBXVariantGroup;
			children = (
				E247C66824A447B2008CDBBA /* Base */,
			);
			name = Main.storyboard;
			sourceTree = "<group>";
		};
		E247C66C24A44909008CDBBA /* LaunchScreen.storyboard */ = {
			isa = PBXVariantGroup;
			children = (
				E247C66D24A44909008CDBBA /* Base */,
			);
			name = LaunchScreen.storyboard;
			sourceTree = "<group>";
		};
/* End PBXVariantGroup section */

/* Begin XCBuildConfiguration section */
		E247C67024A44909008CDBBA /* Debug */ = {
			isa = XCBuildConfiguration;
			buildSettings = {
				ALWAYS_SEARCH_USER_PATHS = NO;
				CLANG_ANALYZER_NONNULL = YES;
				CLANG_ANALYZER_NUMBER_OBJECT_CONVERSION = YES_AGGRESSIVE;
				CLANG_CXX_LANGUAGE_STANDARD = "gnu++14";
				CLANG_CXX_LIBRARY = "libc++";
				CLANG_ENABLE_MODULES = YES;
				CLANG_ENABLE_OBJC_ARC = YES;
				CLANG_ENABLE_OBJC_WEAK = YES;
				CLANG_WARN_BLOCK_CAPTURE_AUTORELEASING = YES;
				CLANG_WARN_BOOL_CONVERSION = YES;
				CLANG_WARN_COMMA = YES;
				CLANG_WARN_CONSTANT_CONVERSION = YES;
				CLANG_WARN_DEPRECATED_OBJC_IMPLEMENTATIONS = YES;
				CLANG_WARN_DIRECT_OBJC_ISA_USAGE = YES_ERROR;
				CLANG_WARN_DOCUMENTATION_COMMENTS = YES;
				CLANG_WARN_EMPTY_BODY = YES;
				CLANG_WARN_ENUM_CONVERSION = YES;
				CLANG_WARN_INFINITE_RECURSION = YES;
				CLANG_WARN_INT_CONVERSION = YES;
				CLANG_WARN_NON_LITERAL_NULL_CONVERSION = YES;
				CLANG_WARN_OBJC_IMPLICIT_RETAIN_SELF = YES;
				CLANG_WARN_OBJC_LITERAL_CONVERSION = YES;
				CLANG_WARN_OBJC_ROOT_CLASS = YES_ERROR;
				CLANG_WARN_RANGE_LOOP_ANALYSIS = YES;
				CLANG_WARN_STRICT_PROTOTYPES = YES;
				CLANG_WARN_SUSPICIOUS_MOVE = YES;
				CLANG_WARN_UNGUARDED_AVAILABILITY = YES_AGGRESSIVE;
				CLANG_WARN_UNREACHABLE_CODE = YES;
				CLANG_WARN__DUPLICATE_METHOD_MATCH = YES;
				COPY_PHASE_STRIP = NO;
				DEBUG_INFORMATION_FORMAT = dwarf;
				ENABLE_STRICT_OBJC_MSGSEND = YES;
				ENABLE_TESTABILITY = YES;
				GCC_C_LANGUAGE_STANDARD = gnu11;
				GCC_DYNAMIC_NO_PIC = NO;
				GCC_NO_COMMON_BLOCKS = YES;
				GCC_OPTIMIZATION_LEVEL = 0;
				GCC_PREPROCESSOR_DEFINITIONS = (
					"DEBUG=1",
					"$(inherited)",
				);
				GCC_WARN_64_TO_32_BIT_CONVERSION = YES;
				GCC_WARN_ABOUT_RETURN_TYPE = YES_ERROR;
				GCC_WARN_UNDECLARED_SELECTOR = YES;
				GCC_WARN_UNINITIALIZED_AUTOS = YES_AGGRESSIVE;
				GCC_WARN_UNUSED_FUNCTION = YES;
				GCC_WARN_UNUSED_VARIABLE = YES;
				IPHONEOS_DEPLOYMENT_TARGET = 11.4;
				MTL_ENABLE_DEBUG_INFO = INCLUDE_SOURCE;
				MTL_FAST_MATH = YES;
				ONLY_ACTIVE_ARCH = YES;
				SDKROOT = iphoneos;
				SWIFT_ACTIVE_COMPILATION_CONDITIONS = DEBUG;
				SWIFT_OPTIMIZATION_LEVEL = "-Onone";
			};
			name = Debug;
		};
		E247C67124A44909008CDBBA /* Release */ = {
			isa = XCBuildConfiguration;
			buildSettings = {
				ALWAYS_SEARCH_USER_PATHS = NO;
				CLANG_ANALYZER_NONNULL = YES;
				CLANG_ANALYZER_NUMBER_OBJECT_CONVERSION = YES_AGGRESSIVE;
				CLANG_CXX_LANGUAGE_STANDARD = "gnu++14";
				CLANG_CXX_LIBRARY = "libc++";
				CLANG_ENABLE_MODULES = YES;
				CLANG_ENABLE_OBJC_ARC = YES;
				CLANG_ENABLE_OBJC_WEAK = YES;
				CLANG_WARN_BLOCK_CAPTURE_AUTORELEASING = YES;
				CLANG_WARN_BOOL_CONVERSION = YES;
				CLANG_WARN_COMMA = YES;
				CLANG_WARN_CONSTANT_CONVERSION = YES;
				CLANG_WARN_DEPRECATED_OBJC_IMPLEMENTATIONS = YES;
				CLANG_WARN_DIRECT_OBJC_ISA_USAGE = YES_ERROR;
				CLANG_WARN_DOCUMENTATION_COMMENTS = YES;
				CLANG_WARN_EMPTY_BODY = YES;
				CLANG_WARN_ENUM_CONVERSION = YES;
				CLANG_WARN_INFINITE_RECURSION = YES;
				CLANG_WARN_INT_CONVERSION = YES;
				CLANG_WARN_NON_LITERAL_NULL_CONVERSION = YES;
				CLANG_WARN_OBJC_IMPLICIT_RETAIN_SELF = YES;
				CLANG_WARN_OBJC_LITERAL_CONVERSION = YES;
				CLANG_WARN_OBJC_ROOT_CLASS = YES_ERROR;
				CLANG_WARN_RANGE_LOOP_ANALYSIS = YES;
				CLANG_WARN_STRICT_PROTOTYPES = YES;
				CLANG_WARN_SUSPICIOUS_MOVE = YES;
				CLANG_WARN_UNGUARDED_AVAILABILITY = YES_AGGRESSIVE;
				CLANG_WARN_UNREACHABLE_CODE = YES;
				CLANG_WARN__DUPLICATE_METHOD_MATCH = YES;
				COPY_PHASE_STRIP = NO;
				DEBUG_INFORMATION_FORMAT = "dwarf-with-dsym";
				ENABLE_NS_ASSERTIONS = NO;
				ENABLE_STRICT_OBJC_MSGSEND = YES;
				GCC_C_LANGUAGE_STANDARD = gnu11;
				GCC_NO_COMMON_BLOCKS = YES;
				GCC_WARN_64_TO_32_BIT_CONVERSION = YES;
				GCC_WARN_ABOUT_RETURN_TYPE = YES_ERROR;
				GCC_WARN_UNDECLARED_SELECTOR = YES;
				GCC_WARN_UNINITIALIZED_AUTOS = YES_AGGRESSIVE;
				GCC_WARN_UNUSED_FUNCTION = YES;
				GCC_WARN_UNUSED_VARIABLE = YES;
				IPHONEOS_DEPLOYMENT_TARGET = 11.4;
				MTL_ENABLE_DEBUG_INFO = NO;
				MTL_FAST_MATH = YES;
				SDKROOT = iphoneos;
				SWIFT_COMPILATION_MODE = wholemodule;
				SWIFT_OPTIMIZATION_LEVEL = "-O";
				VALIDATE_PRODUCT = YES;
			};
			name = Release;
		};
		E247C67324A44909008CDBBA /* Debug */ = {
			isa = XCBuildConfiguration;
			buildSettings = {
				ASSETCATALOG_COMPILER_APPICON_NAME = AppIcon;
				CODE_SIGN_IDENTITY = "Apple Development";
				CODE_SIGN_STYLE = Automatic;
				DEVELOPMENT_TEAM = ZCK4R7FGT9;
				INFOPLIST_FILE = photoGallery/Info.plist;
				LD_RUNPATH_SEARCH_PATHS = (
					"$(inherited)",
					"@executable_path/Frameworks",
				);
				PRODUCT_BUNDLE_IDENTIFIER = com.akdeveloper.calculator;
				PRODUCT_NAME = "$(TARGET_NAME)";
				PROVISIONING_PROFILE_SPECIFIER = "";
				SWIFT_VERSION = 5.0;
				TARGETED_DEVICE_FAMILY = "1,2";
			};
			name = Debug;
		};
		E247C67424A44909008CDBBA /* Release */ = {
			isa = XCBuildConfiguration;
			buildSettings = {
				ASSETCATALOG_COMPILER_APPICON_NAME = AppIcon;
				CODE_SIGN_IDENTITY = "Apple Development";
				CODE_SIGN_STYLE = Automatic;
				DEVELOPMENT_TEAM = ZCK4R7FGT9;
				INFOPLIST_FILE = photoGallery/Info.plist;
				LD_RUNPATH_SEARCH_PATHS = (
					"$(inherited)",
					"@executable_path/Frameworks",
				);
				PRODUCT_BUNDLE_IDENTIFIER = com.akdeveloper.calculator;
				PRODUCT_NAME = "$(TARGET_NAME)";
				PROVISIONING_PROFILE_SPECIFIER = "";
				SWIFT_VERSION = 5.0;
				TARGETED_DEVICE_FAMILY = "1,2";
			};
			name = Release;
		};
/* End XCBuildConfiguration section */

/* Begin XCConfigurationList section */
		E247C65924A447B1008CDBBA /* Build configuration list for PBXProject "photoGallery" */ = {
			isa = XCConfigurationList;
			buildConfigurations = (
				E247C67024A44909008CDBBA /* Debug */,
				E247C67124A44909008CDBBA /* Release */,
			);
			defaultConfigurationIsVisible = 0;
			defaultConfigurationName = Release;
		};
		E247C67224A44909008CDBBA /* Build configuration list for PBXNativeTarget "photoGallery" */ = {
			isa = XCConfigurationList;
			buildConfigurations = (
				E247C67324A44909008CDBBA /* Debug */,
				E247C67424A44909008CDBBA /* Release */,
			);
			defaultConfigurationIsVisible = 0;
			defaultConfigurationName = Release;
		};
/* End XCConfigurationList section */
	};
	rootObject = E247C65624A447B1008CDBBA /* Project object */;
}
